// !$*UTF8*$!
{
	archiveVersion = 1;
	classes = {
	};
	objectVersion = 60;
	objects = {

/* Begin PBXBuildFile section */
		7E1C91E82891371F008FE477 /* UIColor+Extension.swift in Sources */ = {isa = PBXBuildFile; fileRef = 7E1C91E72891371F008FE477 /* UIColor+Extension.swift */; };
		7E7FB5E3284E05A100F80FC7 /* iOS_ExampleApp.swift in Sources */ = {isa = PBXBuildFile; fileRef = 7E7FB5E2284E05A100F80FC7 /* iOS_ExampleApp.swift */; };
		7E7FB5E7284E05A100F80FC7 /* Assets.xcassets in Resources */ = {isa = PBXBuildFile; fileRef = 7E7FB5E6284E05A100F80FC7 /* Assets.xcassets */; };
		7E7FB5EA284E05A100F80FC7 /* Preview Assets.xcassets in Resources */ = {isa = PBXBuildFile; fileRef = 7E7FB5E9284E05A100F80FC7 /* Preview Assets.xcassets */; };
		7E7FB5F4284E085600F80FC7 /* ContentView.swift in Sources */ = {isa = PBXBuildFile; fileRef = 7E7FB5E4284E05A100F80FC7 /* ContentView.swift */; };
		7E7FB5F7284E090C00F80FC7 /* SirioView.swift in Sources */ = {isa = PBXBuildFile; fileRef = 7E7FB5F6284E090C00F80FC7 /* SirioView.swift */; };
		7E7FB609284E099700F80FC7 /* Color+Extension.swift in Sources */ = {isa = PBXBuildFile; fileRef = 7E7FB608284E099700F80FC7 /* Color+Extension.swift */; };
		7E7FB60B284E09C100F80FC7 /* View+Extension.swift in Sources */ = {isa = PBXBuildFile; fileRef = 7E7FB60A284E09C100F80FC7 /* View+Extension.swift */; };
		7E9CFEDD2B8CA9F10084F8AC /* SirioKitIOS in Frameworks */ = {isa = PBXBuildFile; productRef = 7E9CFEDC2B8CA9F10084F8AC /* SirioKitIOS */; };
		7EA5D3432CA2BC3800E79CFF /* ExampleAppNavigation.swift in Sources */ = {isa = PBXBuildFile; fileRef = 7EA5D3262CA2BC3800E79CFF /* ExampleAppNavigation.swift */; };
		7EA5D3442CA2BC3800E79CFF /* ExampleSearchBar.swift in Sources */ = {isa = PBXBuildFile; fileRef = 7EA5D3372CA2BC3800E79CFF /* ExampleSearchBar.swift */; };
		7EA5D3452CA2BC3800E79CFF /* ExampleTab.swift in Sources */ = {isa = PBXBuildFile; fileRef = 7EA5D33A2CA2BC3800E79CFF /* ExampleTab.swift */; };
		7EA5D3462CA2BC3800E79CFF /* ExampleSlider.swift in Sources */ = {isa = PBXBuildFile; fileRef = 7EA5D3382CA2BC3800E79CFF /* ExampleSlider.swift */; };
		7EA5D3472CA2BC3800E79CFF /* ExampleTable.swift in Sources */ = {isa = PBXBuildFile; fileRef = 7EA5D33C2CA2BC3800E79CFF /* ExampleTable.swift */; };
		7EA5D3482CA2BC3800E79CFF /* ExampleFileUpload.swift in Sources */ = {isa = PBXBuildFile; fileRef = 7EA5D32F2CA2BC3800E79CFF /* ExampleFileUpload.swift */; };
		7EA5D3492CA2BC3800E79CFF /* ExampleTags.swift in Sources */ = {isa = PBXBuildFile; fileRef = 7EA5D33D2CA2BC3800E79CFF /* ExampleTags.swift */; };
		7EA5D34A2CA2BC3800E79CFF /* ExampleStepProgressBar.swift in Sources */ = {isa = PBXBuildFile; fileRef = 7EA5D3392CA2BC3800E79CFF /* ExampleStepProgressBar.swift */; };
		7EA5D34B2CA2BC3800E79CFF /* ExampleFiltri.swift in Sources */ = {isa = PBXBuildFile; fileRef = 7EA5D3302CA2BC3800E79CFF /* ExampleFiltri.swift */; };
		7EA5D34C2CA2BC3800E79CFF /* ExampleChips.swift in Sources */ = {isa = PBXBuildFile; fileRef = 7EA5D32C2CA2BC3800E79CFF /* ExampleChips.swift */; };
		7EA5D34D2CA2BC3800E79CFF /* ExampleHero.swift in Sources */ = {isa = PBXBuildFile; fileRef = 7EA5D3312CA2BC3800E79CFF /* ExampleHero.swift */; };
		7EA5D34E2CA2BC3800E79CFF /* ExampleButtons.swift in Sources */ = {isa = PBXBuildFile; fileRef = 7EA5D3282CA2BC3800E79CFF /* ExampleButtons.swift */; };
		7EA5D34F2CA2BC3800E79CFF /* ExampleTextField.swift in Sources */ = {isa = PBXBuildFile; fileRef = 7EA5D33F2CA2BC3800E79CFF /* ExampleTextField.swift */; };
		7EA5D3502CA2BC3800E79CFF /* ExampleNotification.swift in Sources */ = {isa = PBXBuildFile; fileRef = 7EA5D3332CA2BC3800E79CFF /* ExampleNotification.swift */; };
		7EA5D3512CA2BC3800E79CFF /* ExampleTextArea.swift in Sources */ = {isa = PBXBuildFile; fileRef = 7EA5D33E2CA2BC3800E79CFF /* ExampleTextArea.swift */; };
		7EA5D3522CA2BC3800E79CFF /* ExampleAccordion.swift in Sources */ = {isa = PBXBuildFile; fileRef = 7EA5D3252CA2BC3800E79CFF /* ExampleAccordion.swift */; };
		7EA5D3532CA2BC3800E79CFF /* ExampleAvviso.swift in Sources */ = {isa = PBXBuildFile; fileRef = 7EA5D3272CA2BC3800E79CFF /* ExampleAvviso.swift */; };
		7EA5D3542CA2BC3800E79CFF /* ExampleToggle.swift in Sources */ = {isa = PBXBuildFile; fileRef = 7EA5D3412CA2BC3800E79CFF /* ExampleToggle.swift */; };
		7EA5D3552CA2BC3800E79CFF /* ExampleCard.swift in Sources */ = {isa = PBXBuildFile; fileRef = 7EA5D3292CA2BC3800E79CFF /* ExampleCard.swift */; };
		7EA5D3562CA2BC3800E79CFF /* ExampleCarousel.swift in Sources */ = {isa = PBXBuildFile; fileRef = 7EA5D32A2CA2BC3800E79CFF /* ExampleCarousel.swift */; };
		7EA5D3572CA2BC3800E79CFF /* ExampleDialog.swift in Sources */ = {isa = PBXBuildFile; fileRef = 7EA5D32D2CA2BC3800E79CFF /* ExampleDialog.swift */; };
		7EA5D3582CA2BC3800E79CFF /* ExamplePagination.swift in Sources */ = {isa = PBXBuildFile; fileRef = 7EA5D3342CA2BC3800E79CFF /* ExamplePagination.swift */; };
		7EA5D3592CA2BC3800E79CFF /* ExampleTitleBar.swift in Sources */ = {isa = PBXBuildFile; fileRef = 7EA5D3402CA2BC3800E79CFF /* ExampleTitleBar.swift */; };
		7EA5D35A2CA2BC3800E79CFF /* ExampleProgressBar.swift in Sources */ = {isa = PBXBuildFile; fileRef = 7EA5D3352CA2BC3800E79CFF /* ExampleProgressBar.swift */; };
		7EA5D35B2CA2BC3800E79CFF /* ExampleCheckBox.swift in Sources */ = {isa = PBXBuildFile; fileRef = 7EA5D32B2CA2BC3800E79CFF /* ExampleCheckBox.swift */; };
		7EA5D35C2CA2BC3800E79CFF /* ExampleFab.swift in Sources */ = {isa = PBXBuildFile; fileRef = 7EA5D32E2CA2BC3800E79CFF /* ExampleFab.swift */; };
		7EA5D35D2CA2BC3800E79CFF /* ExampleTabBar.swift in Sources */ = {isa = PBXBuildFile; fileRef = 7EA5D33B2CA2BC3800E79CFF /* ExampleTabBar.swift */; };
		7EA5D35E2CA2BC3800E79CFF /* SchemeSwitcher.swift in Sources */ = {isa = PBXBuildFile; fileRef = 7EA5D3422CA2BC3800E79CFF /* SchemeSwitcher.swift */; };
		7EA5D35F2CA2BC3800E79CFF /* ExampleMenuSpalla.swift in Sources */ = {isa = PBXBuildFile; fileRef = 7EA5D3322CA2BC3800E79CFF /* ExampleMenuSpalla.swift */; };
		7EA5D3602CA2BC3800E79CFF /* ExampleRadioButton.swift in Sources */ = {isa = PBXBuildFile; fileRef = 7EA5D3362CA2BC3800E79CFF /* ExampleRadioButton.swift */; };
		7EE5EAF928980092000EC224 /* String+Extension.swift in Sources */ = {isa = PBXBuildFile; fileRef = 7EE5EAF828980092000EC224 /* String+Extension.swift */; };
/* End PBXBuildFile section */

/* Begin PBXFileReference section */
		7E1C91E72891371F008FE477 /* UIColor+Extension.swift */ = {isa = PBXFileReference; lastKnownFileType = sourcecode.swift; path = "UIColor+Extension.swift"; sourceTree = "<group>"; };
		7E541EC22859CF8E002DBDF6 /* Info.plist */ = {isa = PBXFileReference; lastKnownFileType = text.plist; path = Info.plist; sourceTree = "<group>"; };
		7E7FB5DF284E05A100F80FC7 /* SirioKit.app */ = {isa = PBXFileReference; explicitFileType = wrapper.application; includeInIndex = 0; path = SirioKit.app; sourceTree = BUILT_PRODUCTS_DIR; };
		7E7FB5E2284E05A100F80FC7 /* iOS_ExampleApp.swift */ = {isa = PBXFileReference; lastKnownFileType = sourcecode.swift; path = iOS_ExampleApp.swift; sourceTree = "<group>"; };
		7E7FB5E4284E05A100F80FC7 /* ContentView.swift */ = {isa = PBXFileReference; lastKnownFileType = sourcecode.swift; path = ContentView.swift; sourceTree = "<group>"; };
		7E7FB5E6284E05A100F80FC7 /* Assets.xcassets */ = {isa = PBXFileReference; lastKnownFileType = folder.assetcatalog; path = Assets.xcassets; sourceTree = "<group>"; };
		7E7FB5E9284E05A100F80FC7 /* Preview Assets.xcassets */ = {isa = PBXFileReference; lastKnownFileType = folder.assetcatalog; path = "Preview Assets.xcassets"; sourceTree = "<group>"; };
		7E7FB5F6284E090C00F80FC7 /* SirioView.swift */ = {isa = PBXFileReference; lastKnownFileType = sourcecode.swift; path = SirioView.swift; sourceTree = "<group>"; };
		7E7FB608284E099700F80FC7 /* Color+Extension.swift */ = {isa = PBXFileReference; lastKnownFileType = sourcecode.swift; path = "Color+Extension.swift"; sourceTree = "<group>"; };
		7E7FB60A284E09C100F80FC7 /* View+Extension.swift */ = {isa = PBXFileReference; lastKnownFileType = sourcecode.swift; path = "View+Extension.swift"; sourceTree = "<group>"; };
		7EA5D3252CA2BC3800E79CFF /* ExampleAccordion.swift */ = {isa = PBXFileReference; lastKnownFileType = sourcecode.swift; path = ExampleAccordion.swift; sourceTree = "<group>"; };
		7EA5D3262CA2BC3800E79CFF /* ExampleAppNavigation.swift */ = {isa = PBXFileReference; lastKnownFileType = sourcecode.swift; path = ExampleAppNavigation.swift; sourceTree = "<group>"; };
		7EA5D3272CA2BC3800E79CFF /* ExampleAvviso.swift */ = {isa = PBXFileReference; lastKnownFileType = sourcecode.swift; path = ExampleAvviso.swift; sourceTree = "<group>"; };
		7EA5D3282CA2BC3800E79CFF /* ExampleButtons.swift */ = {isa = PBXFileReference; lastKnownFileType = sourcecode.swift; path = ExampleButtons.swift; sourceTree = "<group>"; };
		7EA5D3292CA2BC3800E79CFF /* ExampleCard.swift */ = {isa = PBXFileReference; lastKnownFileType = sourcecode.swift; path = ExampleCard.swift; sourceTree = "<group>"; };
		7EA5D32A2CA2BC3800E79CFF /* ExampleCarousel.swift */ = {isa = PBXFileReference; lastKnownFileType = sourcecode.swift; path = ExampleCarousel.swift; sourceTree = "<group>"; };
		7EA5D32B2CA2BC3800E79CFF /* ExampleCheckBox.swift */ = {isa = PBXFileReference; lastKnownFileType = sourcecode.swift; path = ExampleCheckBox.swift; sourceTree = "<group>"; };
		7EA5D32C2CA2BC3800E79CFF /* ExampleChips.swift */ = {isa = PBXFileReference; lastKnownFileType = sourcecode.swift; path = ExampleChips.swift; sourceTree = "<group>"; };
		7EA5D32D2CA2BC3800E79CFF /* ExampleDialog.swift */ = {isa = PBXFileReference; lastKnownFileType = sourcecode.swift; path = ExampleDialog.swift; sourceTree = "<group>"; };
		7EA5D32E2CA2BC3800E79CFF /* ExampleFab.swift */ = {isa = PBXFileReference; lastKnownFileType = sourcecode.swift; path = ExampleFab.swift; sourceTree = "<group>"; };
		7EA5D32F2CA2BC3800E79CFF /* ExampleFileUpload.swift */ = {isa = PBXFileReference; lastKnownFileType = sourcecode.swift; path = ExampleFileUpload.swift; sourceTree = "<group>"; };
		7EA5D3302CA2BC3800E79CFF /* ExampleFiltri.swift */ = {isa = PBXFileReference; lastKnownFileType = sourcecode.swift; path = ExampleFiltri.swift; sourceTree = "<group>"; };
		7EA5D3312CA2BC3800E79CFF /* ExampleHero.swift */ = {isa = PBXFileReference; lastKnownFileType = sourcecode.swift; path = ExampleHero.swift; sourceTree = "<group>"; };
		7EA5D3322CA2BC3800E79CFF /* ExampleMenuSpalla.swift */ = {isa = PBXFileReference; lastKnownFileType = sourcecode.swift; path = ExampleMenuSpalla.swift; sourceTree = "<group>"; };
		7EA5D3332CA2BC3800E79CFF /* ExampleNotification.swift */ = {isa = PBXFileReference; lastKnownFileType = sourcecode.swift; path = ExampleNotification.swift; sourceTree = "<group>"; };
		7EA5D3342CA2BC3800E79CFF /* ExamplePagination.swift */ = {isa = PBXFileReference; lastKnownFileType = sourcecode.swift; path = ExamplePagination.swift; sourceTree = "<group>"; };
		7EA5D3352CA2BC3800E79CFF /* ExampleProgressBar.swift */ = {isa = PBXFileReference; lastKnownFileType = sourcecode.swift; path = ExampleProgressBar.swift; sourceTree = "<group>"; };
		7EA5D3362CA2BC3800E79CFF /* ExampleRadioButton.swift */ = {isa = PBXFileReference; lastKnownFileType = sourcecode.swift; path = ExampleRadioButton.swift; sourceTree = "<group>"; };
		7EA5D3372CA2BC3800E79CFF /* ExampleSearchBar.swift */ = {isa = PBXFileReference; lastKnownFileType = sourcecode.swift; path = ExampleSearchBar.swift; sourceTree = "<group>"; };
		7EA5D3382CA2BC3800E79CFF /* ExampleSlider.swift */ = {isa = PBXFileReference; lastKnownFileType = sourcecode.swift; path = ExampleSlider.swift; sourceTree = "<group>"; };
		7EA5D3392CA2BC3800E79CFF /* ExampleStepProgressBar.swift */ = {isa = PBXFileReference; lastKnownFileType = sourcecode.swift; path = ExampleStepProgressBar.swift; sourceTree = "<group>"; };
		7EA5D33A2CA2BC3800E79CFF /* ExampleTab.swift */ = {isa = PBXFileReference; lastKnownFileType = sourcecode.swift; path = ExampleTab.swift; sourceTree = "<group>"; };
		7EA5D33B2CA2BC3800E79CFF /* ExampleTabBar.swift */ = {isa = PBXFileReference; lastKnownFileType = sourcecode.swift; path = ExampleTabBar.swift; sourceTree = "<group>"; };
		7EA5D33C2CA2BC3800E79CFF /* ExampleTable.swift */ = {isa = PBXFileReference; lastKnownFileType = sourcecode.swift; path = ExampleTable.swift; sourceTree = "<group>"; };
		7EA5D33D2CA2BC3800E79CFF /* ExampleTags.swift */ = {isa = PBXFileReference; lastKnownFileType = sourcecode.swift; path = ExampleTags.swift; sourceTree = "<group>"; };
		7EA5D33E2CA2BC3800E79CFF /* ExampleTextArea.swift */ = {isa = PBXFileReference; lastKnownFileType = sourcecode.swift; path = ExampleTextArea.swift; sourceTree = "<group>"; };
		7EA5D33F2CA2BC3800E79CFF /* ExampleTextField.swift */ = {isa = PBXFileReference; lastKnownFileType = sourcecode.swift; path = ExampleTextField.swift; sourceTree = "<group>"; };
		7EA5D3402CA2BC3800E79CFF /* ExampleTitleBar.swift */ = {isa = PBXFileReference; lastKnownFileType = sourcecode.swift; path = ExampleTitleBar.swift; sourceTree = "<group>"; };
		7EA5D3412CA2BC3800E79CFF /* ExampleToggle.swift */ = {isa = PBXFileReference; lastKnownFileType = sourcecode.swift; path = ExampleToggle.swift; sourceTree = "<group>"; };
		7EA5D3422CA2BC3800E79CFF /* SchemeSwitcher.swift */ = {isa = PBXFileReference; lastKnownFileType = sourcecode.swift; path = SchemeSwitcher.swift; sourceTree = "<group>"; };
		7EE5EAF828980092000EC224 /* String+Extension.swift */ = {isa = PBXFileReference; lastKnownFileType = sourcecode.swift; path = "String+Extension.swift"; sourceTree = "<group>"; };
/* End PBXFileReference section */

/* Begin PBXFrameworksBuildPhase section */
		7E7FB5DC284E05A100F80FC7 /* Frameworks */ = {
			isa = PBXFrameworksBuildPhase;
			buildActionMask = 2147483647;
			files = (
				7E9CFEDD2B8CA9F10084F8AC /* SirioKitIOS in Frameworks */,
			);
			runOnlyForDeploymentPostprocessing = 0;
		};
/* End PBXFrameworksBuildPhase section */

/* Begin PBXGroup section */
		7E7FB5D6284E05A100F80FC7 = {
			isa = PBXGroup;
			children = (
				7E7FB5E1284E05A100F80FC7 /* iOS-Example */,
				7E7FB5E0284E05A100F80FC7 /* Products */,
			);
			sourceTree = "<group>";
		};
		7E7FB5E0284E05A100F80FC7 /* Products */ = {
			isa = PBXGroup;
			children = (
				7E7FB5DF284E05A100F80FC7 /* SirioKit.app */,
			);
			name = Products;
			sourceTree = "<group>";
		};
		7E7FB5E1284E05A100F80FC7 /* iOS-Example */ = {
			isa = PBXGroup;
			children = (
				7E541EC22859CF8E002DBDF6 /* Info.plist */,
				7E7FB607284E098B00F80FC7 /* Extensions */,
				7E7FB5F8284E095A00F80FC7 /* ViewExample */,
				7E7FB5E2284E05A100F80FC7 /* iOS_ExampleApp.swift */,
				7E7FB5E4284E05A100F80FC7 /* ContentView.swift */,
				7E7FB5E6284E05A100F80FC7 /* Assets.xcassets */,
				7E7FB5E8284E05A100F80FC7 /* Preview Content */,
				7E7FB5F6284E090C00F80FC7 /* SirioView.swift */,
			);
			path = "iOS-Example";
			sourceTree = "<group>";
		};
		7E7FB5E8284E05A100F80FC7 /* Preview Content */ = {
			isa = PBXGroup;
			children = (
				7E7FB5E9284E05A100F80FC7 /* Preview Assets.xcassets */,
			);
			path = "Preview Content";
			sourceTree = "<group>";
		};
		7E7FB5F8284E095A00F80FC7 /* ViewExample */ = {
			isa = PBXGroup;
			children = (
				7EA5D3252CA2BC3800E79CFF /* ExampleAccordion.swift */,
				7EA5D3262CA2BC3800E79CFF /* ExampleAppNavigation.swift */,
				7EA5D3272CA2BC3800E79CFF /* ExampleAvviso.swift */,
				7EA5D3282CA2BC3800E79CFF /* ExampleButtons.swift */,
				7EA5D3292CA2BC3800E79CFF /* ExampleCard.swift */,
				7EA5D32A2CA2BC3800E79CFF /* ExampleCarousel.swift */,
				7EA5D32B2CA2BC3800E79CFF /* ExampleCheckBox.swift */,
				7EA5D32C2CA2BC3800E79CFF /* ExampleChips.swift */,
				7EA5D32D2CA2BC3800E79CFF /* ExampleDialog.swift */,
				7EA5D32E2CA2BC3800E79CFF /* ExampleFab.swift */,
				7EA5D32F2CA2BC3800E79CFF /* ExampleFileUpload.swift */,
				7EA5D3302CA2BC3800E79CFF /* ExampleFiltri.swift */,
				7EA5D3312CA2BC3800E79CFF /* ExampleHero.swift */,
				7EA5D3322CA2BC3800E79CFF /* ExampleMenuSpalla.swift */,
				7EA5D3332CA2BC3800E79CFF /* ExampleNotification.swift */,
				7EA5D3342CA2BC3800E79CFF /* ExamplePagination.swift */,
				7EA5D3352CA2BC3800E79CFF /* ExampleProgressBar.swift */,
				7EA5D3362CA2BC3800E79CFF /* ExampleRadioButton.swift */,
				7EA5D3372CA2BC3800E79CFF /* ExampleSearchBar.swift */,
				7EA5D3382CA2BC3800E79CFF /* ExampleSlider.swift */,
				7EA5D3392CA2BC3800E79CFF /* ExampleStepProgressBar.swift */,
				7EA5D33A2CA2BC3800E79CFF /* ExampleTab.swift */,
				7EA5D33B2CA2BC3800E79CFF /* ExampleTabBar.swift */,
				7EA5D33C2CA2BC3800E79CFF /* ExampleTable.swift */,
				7EA5D33D2CA2BC3800E79CFF /* ExampleTags.swift */,
				7EA5D33E2CA2BC3800E79CFF /* ExampleTextArea.swift */,
				7EA5D33F2CA2BC3800E79CFF /* ExampleTextField.swift */,
				7EA5D3402CA2BC3800E79CFF /* ExampleTitleBar.swift */,
				7EA5D3412CA2BC3800E79CFF /* ExampleToggle.swift */,
				7EA5D3422CA2BC3800E79CFF /* SchemeSwitcher.swift */,
			);
			path = ViewExample;
			sourceTree = "<group>";
		};
		7E7FB607284E098B00F80FC7 /* Extensions */ = {
			isa = PBXGroup;
			children = (
				7E7FB608284E099700F80FC7 /* Color+Extension.swift */,
				7E7FB60A284E09C100F80FC7 /* View+Extension.swift */,
				7E1C91E72891371F008FE477 /* UIColor+Extension.swift */,
				7EE5EAF828980092000EC224 /* String+Extension.swift */,
			);
			path = Extensions;
			sourceTree = "<group>";
		};
/* End PBXGroup section */

/* Begin PBXNativeTarget section */
		7E7FB5DE284E05A100F80FC7 /* iOS-Example */ = {
			isa = PBXNativeTarget;
			buildConfigurationList = 7E7FB5ED284E05A100F80FC7 /* Build configuration list for PBXNativeTarget "iOS-Example" */;
			buildPhases = (
				7E7FB5DB284E05A100F80FC7 /* Sources */,
				7E7FB5DC284E05A100F80FC7 /* Frameworks */,
				7E7FB5DD284E05A100F80FC7 /* Resources */,
			);
			buildRules = (
			);
			dependencies = (
			);
			name = "iOS-Example";
			packageProductDependencies = (
				7E9CFEDC2B8CA9F10084F8AC /* SirioKitIOS */,
			);
			productName = "iOS-Example";
			productReference = 7E7FB5DF284E05A100F80FC7 /* SirioKit.app */;
			productType = "com.apple.product-type.application";
		};
/* End PBXNativeTarget section */

/* Begin PBXProject section */
		7E7FB5D7284E05A100F80FC7 /* Project object */ = {
			isa = PBXProject;
			attributes = {
				BuildIndependentTargetsInParallel = 1;
				LastSwiftUpdateCheck = 1340;
				LastUpgradeCheck = 1340;
				TargetAttributes = {
					7E7FB5DE284E05A100F80FC7 = {
						CreatedOnToolsVersion = 13.4;
					};
				};
			};
			buildConfigurationList = 7E7FB5DA284E05A100F80FC7 /* Build configuration list for PBXProject "iOS-Example" */;
			compatibilityVersion = "Xcode 13.0";
			developmentRegion = en;
			hasScannedForEncodings = 0;
			knownRegions = (
				en,
				Base,
			);
			mainGroup = 7E7FB5D6284E05A100F80FC7;
			packageReferences = (
				7E9CFEDB2B8CA9F10084F8AC /* XCLocalSwiftPackageReference ".." */,
			);
			productRefGroup = 7E7FB5E0284E05A100F80FC7 /* Products */;
			projectDirPath = "";
			projectRoot = "";
			targets = (
				7E7FB5DE284E05A100F80FC7 /* iOS-Example */,
			);
		};
/* End PBXProject section */

/* Begin PBXResourcesBuildPhase section */
		7E7FB5DD284E05A100F80FC7 /* Resources */ = {
			isa = PBXResourcesBuildPhase;
			buildActionMask = 2147483647;
			files = (
				7E7FB5EA284E05A100F80FC7 /* Preview Assets.xcassets in Resources */,
				7E7FB5E7284E05A100F80FC7 /* Assets.xcassets in Resources */,
			);
			runOnlyForDeploymentPostprocessing = 0;
		};
/* End PBXResourcesBuildPhase section */

/* Begin PBXSourcesBuildPhase section */
		7E7FB5DB284E05A100F80FC7 /* Sources */ = {
			isa = PBXSourcesBuildPhase;
			buildActionMask = 2147483647;
			files = (
				7E7FB5F4284E085600F80FC7 /* ContentView.swift in Sources */,
				7E7FB5E3284E05A100F80FC7 /* iOS_ExampleApp.swift in Sources */,
				7E1C91E82891371F008FE477 /* UIColor+Extension.swift in Sources */,
				7EA5D3432CA2BC3800E79CFF /* ExampleAppNavigation.swift in Sources */,
				7EA5D3442CA2BC3800E79CFF /* ExampleSearchBar.swift in Sources */,
				7EA5D3452CA2BC3800E79CFF /* ExampleTab.swift in Sources */,
				7EA5D3462CA2BC3800E79CFF /* ExampleSlider.swift in Sources */,
				7EA5D3472CA2BC3800E79CFF /* ExampleTable.swift in Sources */,
				7EA5D3482CA2BC3800E79CFF /* ExampleFileUpload.swift in Sources */,
				7EA5D3492CA2BC3800E79CFF /* ExampleTags.swift in Sources */,
				7EA5D34A2CA2BC3800E79CFF /* ExampleStepProgressBar.swift in Sources */,
				7EA5D34B2CA2BC3800E79CFF /* ExampleFiltri.swift in Sources */,
				7EA5D34C2CA2BC3800E79CFF /* ExampleChips.swift in Sources */,
				7EA5D34D2CA2BC3800E79CFF /* ExampleHero.swift in Sources */,
				7EA5D34E2CA2BC3800E79CFF /* ExampleButtons.swift in Sources */,
				7EA5D34F2CA2BC3800E79CFF /* ExampleTextField.swift in Sources */,
				7EA5D3502CA2BC3800E79CFF /* ExampleNotification.swift in Sources */,
				7EA5D3512CA2BC3800E79CFF /* ExampleTextArea.swift in Sources */,
				7EA5D3522CA2BC3800E79CFF /* ExampleAccordion.swift in Sources */,
				7EA5D3532CA2BC3800E79CFF /* ExampleAvviso.swift in Sources */,
				7EA5D3542CA2BC3800E79CFF /* ExampleToggle.swift in Sources */,
				7EA5D3552CA2BC3800E79CFF /* ExampleCard.swift in Sources */,
				7EA5D3562CA2BC3800E79CFF /* ExampleCarousel.swift in Sources */,
				7EA5D3572CA2BC3800E79CFF /* ExampleDialog.swift in Sources */,
				7EA5D3582CA2BC3800E79CFF /* ExamplePagination.swift in Sources */,
				7EA5D3592CA2BC3800E79CFF /* ExampleTitleBar.swift in Sources */,
				7EA5D35A2CA2BC3800E79CFF /* ExampleProgressBar.swift in Sources */,
				7EA5D35B2CA2BC3800E79CFF /* ExampleCheckBox.swift in Sources */,
				7EA5D35C2CA2BC3800E79CFF /* ExampleFab.swift in Sources */,
				7EA5D35D2CA2BC3800E79CFF /* ExampleTabBar.swift in Sources */,
				7EA5D35E2CA2BC3800E79CFF /* SchemeSwitcher.swift in Sources */,
				7EA5D35F2CA2BC3800E79CFF /* ExampleMenuSpalla.swift in Sources */,
				7EA5D3602CA2BC3800E79CFF /* ExampleRadioButton.swift in Sources */,
				7E7FB5F7284E090C00F80FC7 /* SirioView.swift in Sources */,
				7EE5EAF928980092000EC224 /* String+Extension.swift in Sources */,
				7E7FB609284E099700F80FC7 /* Color+Extension.swift in Sources */,
				7E7FB60B284E09C100F80FC7 /* View+Extension.swift in Sources */,
			);
			runOnlyForDeploymentPostprocessing = 0;
		};
/* End PBXSourcesBuildPhase section */

/* Begin XCBuildConfiguration section */
		7E7FB5EB284E05A100F80FC7 /* Debug */ = {
			isa = XCBuildConfiguration;
			buildSettings = {
				ALWAYS_SEARCH_USER_PATHS = NO;
				CLANG_ANALYZER_NONNULL = YES;
				CLANG_ANALYZER_NUMBER_OBJECT_CONVERSION = YES_AGGRESSIVE;
				CLANG_CXX_LANGUAGE_STANDARD = "gnu++17";
				CLANG_ENABLE_MODULES = YES;
				CLANG_ENABLE_OBJC_ARC = YES;
				CLANG_ENABLE_OBJC_WEAK = YES;
				CLANG_WARN_BLOCK_CAPTURE_AUTORELEASING = YES;
				CLANG_WARN_BOOL_CONVERSION = YES;
				CLANG_WARN_COMMA = YES;
				CLANG_WARN_CONSTANT_CONVERSION = YES;
				CLANG_WARN_DEPRECATED_OBJC_IMPLEMENTATIONS = YES;
				CLANG_WARN_DIRECT_OBJC_ISA_USAGE = YES_ERROR;
				CLANG_WARN_DOCUMENTATION_COMMENTS = YES;
				CLANG_WARN_EMPTY_BODY = YES;
				CLANG_WARN_ENUM_CONVERSION = YES;
				CLANG_WARN_INFINITE_RECURSION = YES;
				CLANG_WARN_INT_CONVERSION = YES;
				CLANG_WARN_NON_LITERAL_NULL_CONVERSION = YES;
				CLANG_WARN_OBJC_IMPLICIT_RETAIN_SELF = YES;
				CLANG_WARN_OBJC_LITERAL_CONVERSION = YES;
				CLANG_WARN_OBJC_ROOT_CLASS = YES_ERROR;
				CLANG_WARN_QUOTED_INCLUDE_IN_FRAMEWORK_HEADER = YES;
				CLANG_WARN_RANGE_LOOP_ANALYSIS = YES;
				CLANG_WARN_STRICT_PROTOTYPES = YES;
				CLANG_WARN_SUSPICIOUS_MOVE = YES;
				CLANG_WARN_UNGUARDED_AVAILABILITY = YES_AGGRESSIVE;
				CLANG_WARN_UNREACHABLE_CODE = YES;
				CLANG_WARN__DUPLICATE_METHOD_MATCH = YES;
				COPY_PHASE_STRIP = NO;
				DEBUG_INFORMATION_FORMAT = dwarf;
				ENABLE_STRICT_OBJC_MSGSEND = YES;
				ENABLE_TESTABILITY = YES;
				GCC_C_LANGUAGE_STANDARD = gnu11;
				GCC_DYNAMIC_NO_PIC = NO;
				GCC_NO_COMMON_BLOCKS = YES;
				GCC_OPTIMIZATION_LEVEL = 0;
				GCC_PREPROCESSOR_DEFINITIONS = (
					"DEBUG=1",
					"$(inherited)",
				);
				GCC_WARN_64_TO_32_BIT_CONVERSION = YES;
				GCC_WARN_ABOUT_RETURN_TYPE = YES_ERROR;
				GCC_WARN_UNDECLARED_SELECTOR = YES;
				GCC_WARN_UNINITIALIZED_AUTOS = YES_AGGRESSIVE;
				GCC_WARN_UNUSED_FUNCTION = YES;
				GCC_WARN_UNUSED_VARIABLE = YES;
				IPHONEOS_DEPLOYMENT_TARGET = 15.0;
				MTL_ENABLE_DEBUG_INFO = INCLUDE_SOURCE;
				MTL_FAST_MATH = YES;
				ONLY_ACTIVE_ARCH = YES;
				SDKROOT = iphoneos;
				SWIFT_ACTIVE_COMPILATION_CONDITIONS = DEBUG;
				SWIFT_OPTIMIZATION_LEVEL = "-Onone";
			};
			name = Debug;
		};
		7E7FB5EC284E05A100F80FC7 /* Release */ = {
			isa = XCBuildConfiguration;
			buildSettings = {
				ALWAYS_SEARCH_USER_PATHS = NO;
				CLANG_ANALYZER_NONNULL = YES;
				CLANG_ANALYZER_NUMBER_OBJECT_CONVERSION = YES_AGGRESSIVE;
				CLANG_CXX_LANGUAGE_STANDARD = "gnu++17";
				CLANG_ENABLE_MODULES = YES;
				CLANG_ENABLE_OBJC_ARC = YES;
				CLANG_ENABLE_OBJC_WEAK = YES;
				CLANG_WARN_BLOCK_CAPTURE_AUTORELEASING = YES;
				CLANG_WARN_BOOL_CONVERSION = YES;
				CLANG_WARN_COMMA = YES;
				CLANG_WARN_CONSTANT_CONVERSION = YES;
				CLANG_WARN_DEPRECATED_OBJC_IMPLEMENTATIONS = YES;
				CLANG_WARN_DIRECT_OBJC_ISA_USAGE = YES_ERROR;
				CLANG_WARN_DOCUMENTATION_COMMENTS = YES;
				CLANG_WARN_EMPTY_BODY = YES;
				CLANG_WARN_ENUM_CONVERSION = YES;
				CLANG_WARN_INFINITE_RECURSION = YES;
				CLANG_WARN_INT_CONVERSION = YES;
				CLANG_WARN_NON_LITERAL_NULL_CONVERSION = YES;
				CLANG_WARN_OBJC_IMPLICIT_RETAIN_SELF = YES;
				CLANG_WARN_OBJC_LITERAL_CONVERSION = YES;
				CLANG_WARN_OBJC_ROOT_CLASS = YES_ERROR;
				CLANG_WARN_QUOTED_INCLUDE_IN_FRAMEWORK_HEADER = YES;
				CLANG_WARN_RANGE_LOOP_ANALYSIS = YES;
				CLANG_WARN_STRICT_PROTOTYPES = YES;
				CLANG_WARN_SUSPICIOUS_MOVE = YES;
				CLANG_WARN_UNGUARDED_AVAILABILITY = YES_AGGRESSIVE;
				CLANG_WARN_UNREACHABLE_CODE = YES;
				CLANG_WARN__DUPLICATE_METHOD_MATCH = YES;
				COPY_PHASE_STRIP = NO;
				DEBUG_INFORMATION_FORMAT = "dwarf-with-dsym";
				ENABLE_NS_ASSERTIONS = NO;
				ENABLE_STRICT_OBJC_MSGSEND = YES;
				GCC_C_LANGUAGE_STANDARD = gnu11;
				GCC_NO_COMMON_BLOCKS = YES;
				GCC_WARN_64_TO_32_BIT_CONVERSION = YES;
				GCC_WARN_ABOUT_RETURN_TYPE = YES_ERROR;
				GCC_WARN_UNDECLARED_SELECTOR = YES;
				GCC_WARN_UNINITIALIZED_AUTOS = YES_AGGRESSIVE;
				GCC_WARN_UNUSED_FUNCTION = YES;
				GCC_WARN_UNUSED_VARIABLE = YES;
				IPHONEOS_DEPLOYMENT_TARGET = 15.0;
				MTL_ENABLE_DEBUG_INFO = NO;
				MTL_FAST_MATH = YES;
				SDKROOT = iphoneos;
				SWIFT_COMPILATION_MODE = wholemodule;
				SWIFT_OPTIMIZATION_LEVEL = "-O";
				VALIDATE_PRODUCT = YES;
			};
			name = Release;
		};
		7E7FB5EE284E05A100F80FC7 /* Debug */ = {
			isa = XCBuildConfiguration;
			buildSettings = {
				ASSETCATALOG_COMPILER_APPICON_NAME = AppIcon;
				ASSETCATALOG_COMPILER_GLOBAL_ACCENT_COLOR_NAME = AccentColor;
				CODE_SIGN_STYLE = Automatic;
				CURRENT_PROJECT_VERSION = 202402260;
				DEVELOPMENT_ASSET_PATHS = "\"iOS-Example/Preview Content\"";
				DEVELOPMENT_TEAM = "";
				ENABLE_PREVIEWS = YES;
				GENERATE_INFOPLIST_FILE = YES;
				INFOPLIST_FILE = "iOS-Example/Info.plist";
				INFOPLIST_KEY_UIApplicationSceneManifest_Generation = YES;
				INFOPLIST_KEY_UIApplicationSupportsIndirectInputEvents = YES;
				INFOPLIST_KEY_UILaunchScreen_Generation = YES;
				INFOPLIST_KEY_UISupportedInterfaceOrientations_iPad = "UIInterfaceOrientationPortrait UIInterfaceOrientationPortraitUpsideDown UIInterfaceOrientationLandscapeLeft UIInterfaceOrientationLandscapeRight";
				INFOPLIST_KEY_UISupportedInterfaceOrientations_iPhone = "UIInterfaceOrientationPortrait UIInterfaceOrientationLandscapeLeft UIInterfaceOrientationLandscapeRight";
				INFOPLIST_KEY_UIUserInterfaceStyle = Light;
				IPHONEOS_DEPLOYMENT_TARGET = 15.0;
				LD_RUNPATH_SEARCH_PATHS = (
					"$(inherited)",
					"@executable_path/Frameworks",
				);
				MARKETING_VERSION = 7.0.2;
				PRODUCT_BUNDLE_IDENTIFIER = it.inps.sirio;
				PRODUCT_NAME = SirioKit;
				SUPPORTED_PLATFORMS = "iphoneos iphonesimulator";
				SUPPORTS_MACCATALYST = NO;
				SUPPORTS_MAC_DESIGNED_FOR_IPHONE_IPAD = NO;
				SWIFT_EMIT_LOC_STRINGS = YES;
				SWIFT_VERSION = 5.0;
				TARGETED_DEVICE_FAMILY = 1;
			};
			name = Debug;
		};
		7E7FB5EF284E05A100F80FC7 /* Release */ = {
			isa = XCBuildConfiguration;
			buildSettings = {
				ASSETCATALOG_COMPILER_APPICON_NAME = AppIcon;
				ASSETCATALOG_COMPILER_GLOBAL_ACCENT_COLOR_NAME = AccentColor;
				CODE_SIGN_STYLE = Automatic;
				CURRENT_PROJECT_VERSION = 202402260;
				DEVELOPMENT_ASSET_PATHS = "\"iOS-Example/Preview Content\"";
				DEVELOPMENT_TEAM = "";
				ENABLE_PREVIEWS = YES;
				GENERATE_INFOPLIST_FILE = YES;
				INFOPLIST_FILE = "iOS-Example/Info.plist";
				INFOPLIST_KEY_UIApplicationSceneManifest_Generation = YES;
				INFOPLIST_KEY_UIApplicationSupportsIndirectInputEvents = YES;
				INFOPLIST_KEY_UILaunchScreen_Generation = YES;
				INFOPLIST_KEY_UISupportedInterfaceOrientations_iPad = "UIInterfaceOrientationPortrait UIInterfaceOrientationPortraitUpsideDown UIInterfaceOrientationLandscapeLeft UIInterfaceOrientationLandscapeRight";
				INFOPLIST_KEY_UISupportedInterfaceOrientations_iPhone = "UIInterfaceOrientationPortrait UIInterfaceOrientationLandscapeLeft UIInterfaceOrientationLandscapeRight";
				INFOPLIST_KEY_UIUserInterfaceStyle = Light;
				IPHONEOS_DEPLOYMENT_TARGET = 15.0;
				LD_RUNPATH_SEARCH_PATHS = (
					"$(inherited)",
					"@executable_path/Frameworks",
				);
				MARKETING_VERSION = 7.0.2;
				PRODUCT_BUNDLE_IDENTIFIER = it.inps.sirio;
				PRODUCT_NAME = SirioKit;
				SUPPORTED_PLATFORMS = "iphoneos iphonesimulator";
				SUPPORTS_MACCATALYST = NO;
				SUPPORTS_MAC_DESIGNED_FOR_IPHONE_IPAD = NO;
				SWIFT_EMIT_LOC_STRINGS = YES;
				SWIFT_VERSION = 5.0;
				TARGETED_DEVICE_FAMILY = 1;
			};
			name = Release;
		};
/* End XCBuildConfiguration section */

/* Begin XCConfigurationList section */
		7E7FB5DA284E05A100F80FC7 /* Build configuration list for PBXProject "iOS-Example" */ = {
			isa = XCConfigurationList;
			buildConfigurations = (
				7E7FB5EB284E05A100F80FC7 /* Debug */,
				7E7FB5EC284E05A100F80FC7 /* Release */,
			);
			defaultConfigurationIsVisible = 0;
			defaultConfigurationName = Release;
		};
		7E7FB5ED284E05A100F80FC7 /* Build configuration list for PBXNativeTarget "iOS-Example" */ = {
			isa = XCConfigurationList;
			buildConfigurations = (
				7E7FB5EE284E05A100F80FC7 /* Debug */,
				7E7FB5EF284E05A100F80FC7 /* Release */,
			);
			defaultConfigurationIsVisible = 0;
			defaultConfigurationName = Release;
		};
/* End XCConfigurationList section */

/* Begin XCLocalSwiftPackageReference section */
		7E9CFEDB2B8CA9F10084F8AC /* XCLocalSwiftPackageReference ".." */ = {
			isa = XCLocalSwiftPackageReference;
			relativePath = ..;
		};
/* End XCLocalSwiftPackageReference section */

/* Begin XCSwiftPackageProductDependency section */
		7E9CFEDC2B8CA9F10084F8AC /* SirioKitIOS */ = {
			isa = XCSwiftPackageProductDependency;
			productName = SirioKitIOS;
		};
/* End XCSwiftPackageProductDependency section */
	};
	rootObject = 7E7FB5D7284E05A100F80FC7 /* Project object */;
}
