{
  "pins" : [
    {
      "identity" : "sirio-kit-ios",
      "kind" : "remoteSourceControl",
      "location" : "https://github.com/INPS-it/sirio-kit-iOS/",
      "state" : {
        "revision" : "ecfa78b3c066a85297bce43322453d824733d694",
        "version" : "4.0.0"
      }
    }
  ],
  "version" : 2
}
