{
  "pins" : [
    {
      "identity" : "sirio-kit-ios",
      "kind" : "remoteSourceControl",
      "location" : "https://github.com/INPS-it/sirio-kit-iOS/",
      "state" : {
        "revision" : "a499ae6045607fc40683f9c7ed8c7cb92c88f666",
        "version" : "5.0.0"
      }
    }
  ],
  "version" : 2
}
